// !$*UTF8*$!
{
	archiveVersion = 1;
	classes = {
	};
	objectVersion = 46;
	objects = {

/* Begin PBXBuildFile section */
		A34365341F2F642300C28BF1 /* AppDelegate.swift in Sources */ = {isa = PBXBuildFile; fileRef = A34365331F2F642300C28BF1 /* AppDelegate.swift */; };
		A34365361F2F642300C28BF1 /* ViewController.swift in Sources */ = {isa = PBXBuildFile; fileRef = A34365351F2F642300C28BF1 /* ViewController.swift */; };
		A34365391F2F642300C28BF1 /* Main.storyboard in Resources */ = {isa = PBXBuildFile; fileRef = A34365371F2F642300C28BF1 /* Main.storyboard */; };
		A343653B1F2F642300C28BF1 /* Assets.xcassets in Resources */ = {isa = PBXBuildFile; fileRef = A343653A1F2F642300C28BF1 /* Assets.xcassets */; };
		A343653E1F2F642300C28BF1 /* LaunchScreen.storyboard in Resources */ = {isa = PBXBuildFile; fileRef = A343653C1F2F642300C28BF1 /* LaunchScreen.storyboard */; };
/* End PBXBuildFile section */

/* Begin PBXFileReference section */
		A34365301F2F642300C28BF1 /* NewsByBBC.app */ = {isa = PBXFileReference; explicitFileType = wrapper.application; includeInIndex = 0; path = NewsByBBC.app; sourceTree = BUILT_PRODUCTS_DIR; };
		A34365331F2F642300C28BF1 /* AppDelegate.swift */ = {isa = PBXFileReference; lastKnownFileType = sourcecode.swift; path = AppDelegate.swift; sourceTree = "<group>"; };
		A34365351F2F642300C28BF1 /* ViewController.swift */ = {isa = PBXFileReference; lastKnownFileType = sourcecode.swift; path = ViewController.swift; sourceTree = "<group>"; };
		A34365381F2F642300C28BF1 /* Base */ = {isa = PBXFileReference; lastKnownFileType = file.storyboard; name = Base; path = Base.lproj/Main.storyboard; sourceTree = "<group>"; };
		A343653A1F2F642300C28BF1 /* Assets.xcassets */ = {isa = PBXFileReference; lastKnownFileType = folder.assetcatalog; path = Assets.xcassets; sourceTree = "<group>"; };
		A343653D1F2F642300C28BF1 /* Base */ = {isa = PBXFileReference; lastKnownFileType = file.storyboard; name = Base; path = Base.lproj/LaunchScreen.storyboard; sourceTree = "<group>"; };
		A343653F1F2F642300C28BF1 /* Info.plist */ = {isa = PBXFileReference; lastKnownFileType = text.plist.xml; path = Info.plist; sourceTree = "<group>"; };
/* End PBXFileReference section */

/* Begin PBXFrameworksBuildPhase section */
		A343652D1F2F642300C28BF1 /* Frameworks */ = {
			isa = PBXFrameworksBuildPhase;
			buildActionMask = 2147483647;
			files = (
			);
			runOnlyForDeploymentPostprocessing = 0;
		};
/* End PBXFrameworksBuildPhase section */

/* Begin PBXGroup section */
		A34365271F2F642300C28BF1 = {
			isa = PBXGroup;
			children = (
				A34365321F2F642300C28BF1 /* NewsByBBC */,
				A34365311F2F642300C28BF1 /* Products */,
			);
			sourceTree = "<group>";
		};
		A34365311F2F642300C28BF1 /* Products */ = {
			isa = PBXGroup;
			children = (
				A34365301F2F642300C28BF1 /* NewsByBBC.app */,
			);
			name = Products;
			sourceTree = "<group>";
		};
		A34365321F2F642300C28BF1 /* NewsByBBC */ = {
			isa = PBXGroup;
			children = (
				A34365331F2F642300C28BF1 /* AppDelegate.swift */,
				A34365351F2F642300C28BF1 /* ViewController.swift */,
				A34365371F2F642300C28BF1 /* Main.storyboard */,
				A343653A1F2F642300C28BF1 /* Assets.xcassets */,
				A343653C1F2F642300C28BF1 /* LaunchScreen.storyboard */,
				A343653F1F2F642300C28BF1 /* Info.plist */,
			);
			path = NewsByBBC;
			sourceTree = "<group>";
		};
/* End PBXGroup section */

/* Begin PBXNativeTarget section */
		A343652F1F2F642300C28BF1 /* NewsByBBC */ = {
			isa = PBXNativeTarget;
			buildConfigurationList = A34365421F2F642300C28BF1 /* Build configuration list for PBXNativeTarget "NewsByBBC" */;
			buildPhases = (
				A343652C1F2F642300C28BF1 /* Sources */,
				A343652D1F2F642300C28BF1 /* Frameworks */,
				A343652E1F2F642300C28BF1 /* Resources */,
			);
			buildRules = (
			);
			dependencies = (
			);
			name = NewsByBBC;
			productName = NewsByBBC;
			productReference = A34365301F2F642300C28BF1 /* NewsByBBC.app */;
			productType = "com.apple.product-type.application";
		};
/* End PBXNativeTarget section */

/* Begin PBXProject section */
		A34365281F2F642300C28BF1 /* Project object */ = {
			isa = PBXProject;
			attributes = {
				LastSwiftUpdateCheck = 0830;
				LastUpgradeCheck = 0830;
				ORGANIZATIONNAME = "Guner Babursah";
				TargetAttributes = {
					A343652F1F2F642300C28BF1 = {
						CreatedOnToolsVersion = 8.3.2;
						DevelopmentTeam = 9U3W639GL8;
						ProvisioningStyle = Automatic;
					};
				};
			};
			buildConfigurationList = A343652B1F2F642300C28BF1 /* Build configuration list for PBXProject "NewsByBBC" */;
			compatibilityVersion = "Xcode 3.2";
			developmentRegion = English;
			hasScannedForEncodings = 0;
			knownRegions = (
				en,
				Base,
			);
			mainGroup = A34365271F2F642300C28BF1;
			productRefGroup = A34365311F2F642300C28BF1 /* Products */;
			projectDirPath = "";
			projectRoot = "";
			targets = (
				A343652F1F2F642300C28BF1 /* NewsByBBC */,
			);
		};
/* End PBXProject section */

/* Begin PBXResourcesBuildPhase section */
		A343652E1F2F642300C28BF1 /* Resources */ = {
			isa = PBXResourcesBuildPhase;
			buildActionMask = 2147483647;
			files = (
				A343653E1F2F642300C28BF1 /* LaunchScreen.storyboard in Resources */,
				A343653B1F2F642300C28BF1 /* Assets.xcassets in Resources */,
				A34365391F2F642300C28BF1 /* Main.storyboard in Resources */,
			);
			runOnlyForDeploymentPostprocessing = 0;
		};
/* End PBXResourcesBuildPhase section */

/* Begin PBXSourcesBuildPhase section */
		A343652C1F2F642300C28BF1 /* Sources */ = {
			isa = PBXSourcesBuildPhase;
			buildActionMask = 2147483647;
			files = (
				A34365361F2F642300C28BF1 /* ViewController.swift in Sources */,
				A34365341F2F642300C28BF1 /* AppDelegate.swift in Sources */,
			);
			runOnlyForDeploymentPostprocessing = 0;
		};
/* End PBXSourcesBuildPhase section */

/* Begin PBXVariantGroup section */
		A34365371F2F642300C28BF1 /* Main.storyboard */ = {
			isa = PBXVariantGroup;
			children = (
				A34365381F2F642300C28BF1 /* Base */,
			);
			name = Main.storyboard;
			sourceTree = "<group>";
		};
		A343653C1F2F642300C28BF1 /* LaunchScreen.storyboard */ = {
			isa = PBXVariantGroup;
			children = (
				A343653D1F2F642300C28BF1 /* Base */,
			);
			name = LaunchScreen.storyboard;
			sourceTree = "<group>";
		};
/* End PBXVariantGroup section */

/* Begin XCBuildConfiguration section */
		A34365401F2F642300C28BF1 /* Debug */ = {
			isa = XCBuildConfiguration;
			buildSettings = {
				ALWAYS_SEARCH_USER_PATHS = NO;
				CLANG_ANALYZER_NONNULL = YES;
				CLANG_ANALYZER_NUMBER_OBJECT_CONVERSION = YES_AGGRESSIVE;
				CLANG_CXX_LANGUAGE_STANDARD = "gnu++0x";
				CLANG_CXX_LIBRARY = "libc++";
				CLANG_ENABLE_MODULES = YES;
				CLANG_ENABLE_OBJC_ARC = YES;
				CLANG_WARN_BOOL_CONVERSION = YES;
				CLANG_WARN_CONSTANT_CONVERSION = YES;
				CLANG_WARN_DIRECT_OBJC_ISA_USAGE = YES_ERROR;
				CLANG_WARN_DOCUMENTATION_COMMENTS = YES;
				CLANG_WARN_EMPTY_BODY = YES;
				CLANG_WARN_ENUM_CONVERSION = YES;
				CLANG_WARN_INFINITE_RECURSION = YES;
				CLANG_WARN_INT_CONVERSION = YES;
				CLANG_WARN_OBJC_ROOT_CLASS = YES_ERROR;
				CLANG_WARN_SUSPICIOUS_MOVE = YES;
				CLANG_WARN_UNREACHABLE_CODE = YES;
				CLANG_WARN__DUPLICATE_METHOD_MATCH = YES;
				"CODE_SIGN_IDENTITY[sdk=iphoneos*]" = "iPhone Developer";
				COPY_PHASE_STRIP = NO;
				DEBUG_INFORMATION_FORMAT = dwarf;
				ENABLE_STRICT_OBJC_MSGSEND = YES;
				ENABLE_TESTABILITY = YES;
				GCC_C_LANGUAGE_STANDARD = gnu99;
				GCC_DYNAMIC_NO_PIC = NO;
				GCC_NO_COMMON_BLOCKS = YES;
				GCC_OPTIMIZATION_LEVEL = 0;
				GCC_PREPROCESSOR_DEFINITIONS = (
					"DEBUG=1",
					"$(inherited)",
				);
				GCC_WARN_64_TO_32_BIT_CONVERSION = YES;
				GCC_WARN_ABOUT_RETURN_TYPE = YES_ERROR;
				GCC_WARN_UNDECLARED_SELECTOR = YES;
				GCC_WARN_UNINITIALIZED_AUTOS = YES_AGGRESSIVE;
				GCC_WARN_UNUSED_FUNCTION = YES;
				GCC_WARN_UNUSED_VARIABLE = YES;
				IPHONEOS_DEPLOYMENT_TARGET = 10.3;
				MTL_ENABLE_DEBUG_INFO = YES;
				ONLY_ACTIVE_ARCH = YES;
				SDKROOT = iphoneos;
				SWIFT_ACTIVE_COMPILATION_CONDITIONS = DEBUG;
				SWIFT_OPTIMIZATION_LEVEL = "-Onone";
				TARGETED_DEVICE_FAMILY = "1,2";
			};
			name = Debug;
		};
		A34365411F2F642300C28BF1 /* Release */ = {
			isa = XCBuildConfiguration;
			buildSettings = {
				ALWAYS_SEARCH_USER_PATHS = NO;
				CLANG_ANALYZER_NONNULL = YES;
				CLANG_ANALYZER_NUMBER_OBJECT_CONVERSION = YES_AGGRESSIVE;
				CLANG_CXX_LANGUAGE_STANDARD = "gnu++0x";
				CLANG_CXX_LIBRARY = "libc++";
				CLANG_ENABLE_MODULES = YES;
				CLANG_ENABLE_OBJC_ARC = YES;
				CLANG_WARN_BOOL_CONVERSION = YES;
				CLANG_WARN_CONSTANT_CONVERSION = YES;
				CLANG_WARN_DIRECT_OBJC_ISA_USAGE = YES_ERROR;
				CLANG_WARN_DOCUMENTATION_COMMENTS = YES;
				CLANG_WARN_EMPTY_BODY = YES;
				CLANG_WARN_ENUM_CONVERSION = YES;
				CLANG_WARN_INFINITE_RECURSION = YES;
				CLANG_WARN_INT_CONVERSION = YES;
				CLANG_WARN_OBJC_ROOT_CLASS = YES_ERROR;
				CLANG_WARN_SUSPICIOUS_MOVE = YES;
				CLANG_WARN_UNREACHABLE_CODE = YES;
				CLANG_WARN__DUPLICATE_METHOD_MATCH = YES;
				"CODE_SIGN_IDENTITY[sdk=iphoneos*]" = "iPhone Developer";
				COPY_PHASE_STRIP = NO;
				DEBUG_INFORMATION_FORMAT = "dwarf-with-dsym";
				ENABLE_NS_ASSERTIONS = NO;
				ENABLE_STRICT_OBJC_MSGSEND = YES;
				GCC_C_LANGUAGE_STANDARD = gnu99;
				GCC_NO_COMMON_BLOCKS = YES;
				GCC_WARN_64_TO_32_BIT_CONVERSION = YES;
				GCC_WARN_ABOUT_RETURN_TYPE = YES_ERROR;
				GCC_WARN_UNDECLARED_SELECTOR = YES;
				GCC_WARN_UNINITIALIZED_AUTOS = YES_AGGRESSIVE;
				GCC_WARN_UNUSED_FUNCTION = YES;
				GCC_WARN_UNUSED_VARIABLE = YES;
				IPHONEOS_DEPLOYMENT_TARGET = 10.3;
				MTL_ENABLE_DEBUG_INFO = NO;
				SDKROOT = iphoneos;
				SWIFT_OPTIMIZATION_LEVEL = "-Owholemodule";
				TARGETED_DEVICE_FAMILY = "1,2";
				VALIDATE_PRODUCT = YES;
			};
			name = Release;
		};
		A34365431F2F642300C28BF1 /* Debug */ = {
			isa = XCBuildConfiguration;
			buildSettings = {
				ASSETCATALOG_COMPILER_APPICON_NAME = AppIcon;
				DEVELOPMENT_TEAM = 9U3W639GL8;
				INFOPLIST_FILE = NewsByBBC/Info.plist;
				LD_RUNPATH_SEARCH_PATHS = "$(inherited) @executable_path/Frameworks";
				PRODUCT_BUNDLE_IDENTIFIER = com.GunerBabursah.NewsByBBC;
				PRODUCT_NAME = "$(TARGET_NAME)";
				SWIFT_VERSION = 3.0;
			};
			name = Debug;
		};
		A34365441F2F642300C28BF1 /* Release */ = {
			isa = XCBuildConfiguration;
			buildSettings = {
				ASSETCATALOG_COMPILER_APPICON_NAME = AppIcon;
				DEVELOPMENT_TEAM = 9U3W639GL8;
				INFOPLIST_FILE = NewsByBBC/Info.plist;
				LD_RUNPATH_SEARCH_PATHS = "$(inherited) @executable_path/Frameworks";
				PRODUCT_BUNDLE_IDENTIFIER = com.GunerBabursah.NewsByBBC;
				PRODUCT_NAME = "$(TARGET_NAME)";
				SWIFT_VERSION = 3.0;
			};
			name = Release;
		};
/* End XCBuildConfiguration section */

/* Begin XCConfigurationList section */
		A343652B1F2F642300C28BF1 /* Build configuration list for PBXProject "NewsByBBC" */ = {
			isa = XCConfigurationList;
			buildConfigurations = (
				A34365401F2F642300C28BF1 /* Debug */,
				A34365411F2F642300C28BF1 /* Release */,
			);
			defaultConfigurationIsVisible = 0;
			defaultConfigurationName = Release;
		};
		A34365421F2F642300C28BF1 /* Build configuration list for PBXNativeTarget "NewsByBBC" */ = {
			isa = XCConfigurationList;
			buildConfigurations = (
				A34365431F2F642300C28BF1 /* Debug */,
				A34365441F2F642300C28BF1 /* Release */,
			);
			defaultConfigurationIsVisible = 0;
		};
/* End XCConfigurationList section */
	};
	rootObject = A34365281F2F642300C28BF1 /* Project object */;
}
